
Microsoft Visual Studio Solution File, Format Version 12.00
# Visual Studio 2015
Project("{FAE04EC0-301F-11D3-BF4B-00C04F79EFBC}") = "BacktrackingLumberjack.CSharp", "BacktrackingLumberjack.CSharp.csproj", "{8B54CD83-C66B-6480-4D63-B3633DF57AC2}"
EndProject
Global
	GlobalSection(SolutionConfigurationPlatforms) = preSolution
		Debug|Any CPU = Debug|Any CPU
		Release|Any CPU = Release|Any CPU
	EndGlobalSection
	GlobalSection(ProjectConfigurationPlatforms) = postSolution
		{8B54CD83-C66B-6480-4D63-B3633DF57AC2}.Debug|Any CPU.ActiveCfg = Debug|Any CPU
		{8B54CD83-C66B-6480-4D63-B3633DF57AC2}.Debug|Any CPU.Build.0 = Debug|Any CPU
		{8B54CD83-C66B-6480-4D63-B3633DF57AC2}.Release|Any CPU.ActiveCfg = Release|Any CPU
		{8B54CD83-C66B-6480-4D63-B3633DF57AC2}.Release|Any CPU.Build.0 = Release|Any CPU
	EndGlobalSection
	GlobalSection(SolutionProperties) = preSolution
		HideSolutionNode = FALSE
	EndGlobalSection
EndGlobal
